<?xml version="1.0" encoding="utf-8"?>
<Project ToolsVersion="4.0" xmlns="http://schemas.microsoft.com/developer/msbuild/2003">
  <ItemGroup>
    <Filter Include="ソース ファイル">
      <UniqueIdentifier>{4FC737F1-C7A5-4376-A066-2A32D752A2FF}</UniqueIdentifier>
      <Extensions>cpp;c;cc;cxx;def;odl;idl;hpj;bat;asm;asmx</Extensions>
    </Filter>
    <Filter Include="ヘッダー ファイル">
      <UniqueIdentifier>{93995380-89BD-4b04-88EB-625FBE52EBFB}</UniqueIdentifier>
      <Extensions>h;hh;hpp;hxx;hm;inl;inc;ipp;xsd</Extensions>
    </Filter>
    <Filter Include="リソース ファイル">
      <UniqueIdentifier>{67DA6AB6-F800-4c08-8B7A-83BB121AAD01}</UniqueIdentifier>
      <Extensions>rc;ico;cur;bmp;dlg;rc2;rct;bin;rgs;gif;jpg;jpeg;jpe;resx;tiff;tif;png;wav;mfcribbon-ms</Extensions>
    </Filter>
    <Filter Include="ソース ファイル\TriangleApplication">
      <UniqueIdentifier>{123201f0-ce18-4944-9b14-f7ab72027c16}</UniqueIdentifier>
    </Filter>
    <Filter Include="ヘッダー ファイル\TriangleApplication">
      <UniqueIdentifier>{afd4993b-3591-4a89-9443-4a78991ae032}</UniqueIdentifier>
    </Filter>
    <Filter Include="ヘッダー ファイル\VulkanCallBack">
      <UniqueIdentifier>{bb40f36e-cbac-4a74-94e6-5632483b01f0}</UniqueIdentifier>
    </Filter>
    <Filter Include="ヘッダー ファイル\QueueFamilies">
      <UniqueIdentifier>{e646b8a9-f056-478c-a1da-cb686120a818}</UniqueIdentifier>
    </Filter>
  </ItemGroup>
  <ItemGroup>
    <ClCompile Include="source\main.cpp">
      <Filter>ソース ファイル</Filter>
    </ClCompile>
    <ClCompile Include="source\TriangleApplication\TriangleApplication.cpp">
      <Filter>ソース ファイル\TriangleApplication</Filter>
    </ClCompile>
  </ItemGroup>
  <ItemGroup>
    <ClInclude Include="source\TriangleApplication\TriangleApplication.hpp">
      <Filter>ヘッダー ファイル\TriangleApplication</Filter>
    </ClInclude>
    <ClInclude Include="source\VulkanCallBacks\VulkanDebugCallBack_ValidationLayer.hpp">
      <Filter>ヘッダー ファイル\VulkanCallBack</Filter>
    </ClInclude>
    <ClInclude Include="source\QueueFamilies\QueueFamilies.hpp">
      <Filter>ヘッダー ファイル\QueueFamilies</Filter>
    </ClInclude>
  </ItemGroup>
</Project>